
Microsoft Visual Studio Solution File, Format Version 12.00
# Visual Studio Version 17
VisualStudioVersion = 17.0.32014.148
MinimumVisualStudioVersion = 10.0.40219.1
Project("{FAE04EC0-301F-11D3-BF4B-00C04F79EFBC}") = "MinimalApiSandbox", "MinimalApiSandbox.csproj", "{372555A4-F70F-43B4-8788-735EC2BDD9B0}"
EndProject
Global
	GlobalSection(SolutionConfigurationPlatforms) = preSolution
		Debug|Any CPU = Debug|Any CPU
		Release|Any CPU = Release|Any CPU
	EndGlobalSection
	GlobalSection(ProjectConfigurationPlatforms) = postSolution
		{372555A4-F70F-43B4-8788-735EC2BDD9B0}.Debug|Any CPU.ActiveCfg = Debug|Any CPU
		{372555A4-F70F-43B4-8788-735EC2BDD9B0}.Debug|Any CPU.Build.0 = Debug|Any CPU
		{372555A4-F70F-43B4-8788-735EC2BDD9B0}.Release|Any CPU.ActiveCfg = Release|Any CPU
		{372555A4-F70F-43B4-8788-735EC2BDD9B0}.Release|Any CPU.Build.0 = Release|Any CPU
	EndGlobalSection
	GlobalSection(SolutionProperties) = preSolution
		HideSolutionNode = FALSE
	EndGlobalSection
	GlobalSection(ExtensibilityGlobals) = postSolution
		SolutionGuid = {8721CDE1-E5FE-483E-AA96-33070CC6AA4F}
	EndGlobalSection
EndGlobal
